{
    "_meta": {
        "hash": {
            "sha256": "d5ed1024ba082706ac245bf9c83184793e718d1ec19f6cc4421b3f8619c356bb"
        },
        "pipfile-spec": 6,
        "requires": {
            "python_version": "3.5"
        },
        "sources": [
            {
                "name": "pypi",
                "url": "https://pypi.org/simple",
                "verify_ssl": true
            }
        ]
    },
    "default": {
        "cytoolz": {
            "hashes": [
                "sha256:84cc06fa40aa310f2df79dd440fc5f84c3e20f01f9f7783fc9c38d0a11ba00e5"
            ],
            "version": "==0.9.0.1"
        },
        "eth-hash": {
            "hashes": [
                "sha256:30536f6057128c9130598103fb574a6a3d75d482bda0b13c5488f2f68d9a1423",
                "sha256:42e6604e879b998002c915c1061ab317927329d7f47d3cbb80b83132dc7b58a4"
            ],
            "markers": "python_version < '4' and python_version >= '3.5'",
            "version": "==0.1.4"
        },
        "eth-utils": {
            "hashes": [
                "sha256:0eb71bdafda7e7e4c80ba98c06b3f89472e8ba0183a149be678f13cbb3b2e9b4",
                "sha256:add4cc71b64e40b15c1e7b037905daf59da58e046004bde7a2915f86a7fc8e57"
            ],
            "version": "==1.0.3"
        },
        "ethereum": {
            "hashes": [
                "sha256:ba247c0852554241917a4f191507a94a41a29cf22b5ed07c1fb7c66421d1defc"
            ],
            "index": "pypi",
            "version": "==2.3.0"
        },
        "future": {
            "hashes": [
                "sha256:e39ced1ab767b5936646cedba8bcce582398233d6a627067d4c6a454c90cfedb"
            ],
            "version": "==0.16.0"
        },
        "pbkdf2": {
            "hashes": [
                "sha256:ac6397369f128212c43064a2b4878038dab78dab41875364554aaf2a684e6979"
            ],
            "version": "==1.3"
        },
        "py-ecc": {
            "hashes": [
                "sha256:fc787718acbaaa9a292e99e1373c6c30969314d8ab9b2d10f02cc38fc1ac3111"
            ],
            "version": "==1.4.3"
        },
        "pycryptodome": {
            "hashes": [
                "sha256:02efa83b54371c468710ab2046ce2e254b512ebc2b1ce0d0d39a27b99c3b4b5d",
                "sha256:08b5fe4679f0abf933cb51601c0fd1eaa0162218e5376216b52d67ec9e15fa87",
                "sha256:08bce87c4631259ccf539b79dfa159022b5f5509068cfdc98094b6f7aed59942",
                "sha256:0c98aa60c77418e5630c68e53ff18082e1c61f02136f3c6c06a9a456274db2cf",
                "sha256:108652deb58d5daabf8cc1f31b821b9c9ee25101249ea6d88d09bb9de6cbeb07",
                "sha256:111e05763f5834e4a05845ba6eff51db40d767314c9488dcc1ae7ac244b36001",
                "sha256:14c4dab655b566b7b692bcfb9e9a48fd4a8bae18387e554f141203ae4737d263",
                "sha256:242bc6384fc7acdcfad657921dca0d85d8a7de524463faa3b3a8d43c4285c689",
                "sha256:248260a614fd8a3b28e26bb76064cf4d590098c9d37cd53736d8e5f5551e8260",
                "sha256:2bc42b15c3e5dded13140a668d91cdfbec401d5e8e33bdc04eccfaddc6572d9d",
                "sha256:2c0b45de63a904b0d995e9a82e5440f45cdd24d99566c2dd014c701d53813603",
                "sha256:3e14dd6090dd88d4155451ced752d900a0d646c6fb74a772a5b68ab24fcb1c38",
                "sha256:3fa6a292aa91f2be89f36844bb442a6e922a7facd82ce6a473949a08d7acb371",
                "sha256:63de75b4639d3f916e13bfce77ea29bcc7c946a43a3ddb53131d0bda1612a704",
                "sha256:666ef7aa4bbd3fe450aeddcb693113bd5d702938b803ae6591873b52217f36c6",
                "sha256:69db6c222b689f746e092894c8f7b2b4e62e70bf8caf728baa93b3a40a2ecc08",
                "sha256:76fc24aa3f2661680c590e90d716e66f5798e0c789554069483ce8644359be92",
                "sha256:77d9314b9e186290ae6b8bfd121587795ff169cade73ba9f4973f60860dda3dc",
                "sha256:78d79f9f760826d52ffc155f91d33a34d03d84d989906791c15196070d1b626a",
                "sha256:7bd87846f42d54f5d19ddee234fc7d72afe84a57e2394e2e95b1bc63efaf8d16",
                "sha256:7d62febf35707621a02e87bf4ea0ba590cc39c5c326e1fbd8a77b7e068134fb5",
                "sha256:942af9f49c7a04214bf7739c54ae0eab1bd5dcbcb267968cb7b88e4823c43496",
                "sha256:9562bce6deb18653594e78e3fa35e4446ccb54f5f1f24db3a7c08d059cb72ec4",
                "sha256:99d653f3a92f35e3c768a142aa83c8c7b104a787655c51e25dca89ed778960b8",
                "sha256:abbb361c739b1d4af5a1e92cf21325f3a0408de83aa52aaaed94dfcd664df8b1",
                "sha256:b923b83e5a338800ae44d716b2aa22942b0d1a77261a431398ffb9703dda2722",
                "sha256:cc3d6c031b2cbb187e572d51b6b9454cc0052e87fb2f98a1699d4a58a613bcb3",
                "sha256:e8f11bee8b3df13cfa00c64b4ae99aef49199609342cd99bcef4d9fcd9e76267",
                "sha256:f1f31152f3703c4f1ccbd8069b888da2c402b963aa653c914191cb9a41e69e29",
                "sha256:f4f302ad323b8d0a4c31efe20727c1f367696b2bfd4d92a26ad974e3284ee783"
            ],
            "version": "==3.6.5"
        },
        "pyethash": {
            "hashes": [
                "sha256:ff66319ce26b9d77df1f610942634dac9742e216f2c27b051c0a2c2dec9c2818"
            ],
            "version": "==0.1.27"
        },
        "pysha3": {
            "hashes": [
                "sha256:0060a66be16665d90c432f55a0ba1f6480590cfb7d2ad389e688a399183474f0",
                "sha256:11a2ba7a2e1d9669d0052fc8fb30f5661caed5512586ecbeeaf6bf9478ab5c48",
                "sha256:386998ee83e313b6911327174e088021f9f2061cbfa1651b97629b761e9ef5c4",
                "sha256:41be70b06c8775a9e4d4eeb52f2f6a3f356f17539a54eac61f43a29e42fd453d",
                "sha256:4416f16b0f1605c25f627966f76873e432971824778b369bd9ce1bb63d6566d9",
                "sha256:571a246308a7b63f15f5aa9651f99cf30f2a6acba18eddf28f1510935968b603",
                "sha256:59111c08b8f34495575d12e5f2ce3bafb98bea470bc81e70c8b6df99aef0dd2f",
                "sha256:5ec8da7c5c70a53b5fa99094af3ba8d343955b212bc346a0d25f6ff75853999f",
                "sha256:684cb01d87ed6ff466c135f1c83e7e4042d0fc668fa20619f581e6add1d38d77",
                "sha256:68c3a60a39f9179b263d29e221c1bd6e01353178b14323c39cc70593c30f21c5",
                "sha256:6e6a84efb7856f5d760ee55cd2b446972cb7b835676065f6c4f694913ea8f8d9",
                "sha256:827b308dc025efe9b6b7bae36c2e09ed0118a81f792d888548188e97b9bf9a3d",
                "sha256:93abd775dac570cb9951c4e423bcb2bc6303a9d1dc0dc2b7afa2dd401d195b24",
                "sha256:9c778fa8b161dc9348dc5cc361e94d54aa5ff18413788f4641f6600d4893a608",
                "sha256:9fdd28884c5d0b4edfed269b12badfa07f1c89dbc5c9c66dd279833894a9896b",
                "sha256:c7c2adcc43836223680ebdf91f1d3373543dc32747c182c8ca2e02d1b69ce030",
                "sha256:c93a2676e6588abcfaecb73eb14485c81c63b94fca2000a811a7b4fb5937b8e8",
                "sha256:cd5c961b603bd2e6c2b5ef9976f3238a561c58569945d4165efb9b9383b050ef",
                "sha256:f9046d59b3e72aa84f6dae83a040bd1184ebd7fef4e822d38186a8158c89e3cf",
                "sha256:fd7e66999060d079e9c0e8893e78d8017dad4f59721f6fe0be6307cd32127a07",
                "sha256:fe988e73f2ce6d947220624f04d467faf05f1bbdbc64b0a201296bb3af92739e"
            ],
            "version": "==1.0.2"
        },
        "pyyaml": {
            "hashes": [
                "sha256:3d7da3009c0f3e783b2c873687652d83b1bbfd5c88e9813fb7e5b03c0dd3108b",
                "sha256:3ef3092145e9b70e3ddd2c7ad59bdd0252a94dfe3949721633e41344de00a6bf",
                "sha256:40c71b8e076d0550b2e6380bada1f1cd1017b882f7e16f09a65be98e017f211a",
                "sha256:558dd60b890ba8fd982e05941927a3911dc409a63dcb8b634feaa0cda69330d3",
                "sha256:a7c28b45d9f99102fa092bb213aa12e0aaf9a6a1f5e395d36166639c1f96c3a1",
                "sha256:aa7dd4a6a427aed7df6fb7f08a580d68d9b118d90310374716ae90b710280af1",
                "sha256:bc558586e6045763782014934bfaf39d48b8ae85a2713117d16c39864085c613",
                "sha256:d46d7982b62e0729ad0175a9bc7e10a566fc07b224d2c79fafb5e032727eaa04",
                "sha256:d5eef459e30b09f5a098b9cea68bebfeb268697f78d647bd255a085371ac7f3f",
                "sha256:e01d3203230e1786cd91ccfdc8f8454c8069c91bee3962ad93b87a4b2860f537",
                "sha256:e170a9e6fcfd19021dd29845af83bb79236068bf5fd4df3327c1be18182b2531"
            ],
            "version": "==3.13"
        },
        "repoze.lru": {
            "hashes": [
                "sha256:0429a75e19380e4ed50c0694e26ac8819b4ea7851ee1fc7583c8572db80aff77",
                "sha256:f77bf0e1096ea445beadd35f3479c5cff2aa1efe604a133e67150bc8630a62ea"
            ],
            "version": "==0.7"
        },
        "rlp": {
            "hashes": [
                "sha256:040fb5172fa23d27953a886c40cac989fc031d0629db934b5a9edcd2fb28df1e",
                "sha256:43d8e660fd1d4d8ba31a15edc36116a32d49d68fbb332aad9cd8253bdca06d46"
            ],
            "version": "==1.0.2"
        },
        "scrypt": {
            "hashes": [
                "sha256:18ccbc63d87c6f89b753194194bb37aeaf1abc517e4b989461d115c1d93ce128",
                "sha256:232acdbc3434d2de55def8d5dbf1bc4b9bfc50da7c5741df2a6eebc4e18d3720",
                "sha256:475ac80239b3d788ae71a09c3019ca915e149aaa339adcdd1c9eef121293dc88",
                "sha256:4ad7188f2e42dbee2ff1cd72e3da40b170ba41847effbf0d726444f62ae60f3a",
                "sha256:85919f023148cd9fb01d75ad4e3e061928c298fa6249a0cd6cd469c4b947595e",
                "sha256:971db040d3963ebe4b919a203fe10d7d6659951d3644066314330983dc175ed4",
                "sha256:a124719c686f2b5957e392465147fb3fd6077e7c643e9538cab1ee631eb01dde",
                "sha256:a343c302b3e99dcb7fcbe57aa7919ed761f1568f854291ccebe1b5e6e2c9e509",
                "sha256:bc131f74a688fa09993c518ca666a2ebd4268b207e039cbab03a034228140d3e",
                "sha256:c23daecee405cb036845917295c76f8d747fc890158df40cb304b4b3c3640079",
                "sha256:dc40f0e1a357a49ca62f30f2fc09e92e02c062a656f27949b436b2ba8002d9e1",
                "sha256:f8239b2d47fa1d40bc27efd231dc7083695d10c1c2ac51a99380360741e0362d"
            ],
            "version": "==0.8.6"
        },
        "toolz": {
            "hashes": [
                "sha256:929f0a7ea7f61c178bd951bdae93920515d3fbdbafc8e6caf82d752b9b3b31c9"
            ],
            "version": "==0.9.0"
        }
    },
    "develop": {}
}
